// !$*UTF8*$!
{
	archiveVersion = 1;
	classes = {
	};
	objectVersion = 50;
	objects = {

/* Begin PBXBuildFile section */
		E2062FCC230D421E009FA371 /* Company.swift in Sources */ = {isa = PBXBuildFile; fileRef = E2062FCB230D421E009FA371 /* Company.swift */; };
		E2062FCE230D4805009FA371 /* CreateCompanyController.swift in Sources */ = {isa = PBXBuildFile; fileRef = E2062FCD230D4805009FA371 /* CreateCompanyController.swift */; };
		E219FC2E230AA2D90067B3AE /* AppDelegate.swift in Sources */ = {isa = PBXBuildFile; fileRef = E219FC2D230AA2D90067B3AE /* AppDelegate.swift */; };
		E219FC30230AA2D90067B3AE /* CompaniesController.swift in Sources */ = {isa = PBXBuildFile; fileRef = E219FC2F230AA2D90067B3AE /* CompaniesController.swift */; };
		E219FC33230AA2D90067B3AE /* Main.storyboard in Resources */ = {isa = PBXBuildFile; fileRef = E219FC31230AA2D90067B3AE /* Main.storyboard */; };
		E219FC35230AA2DB0067B3AE /* Assets.xcassets in Resources */ = {isa = PBXBuildFile; fileRef = E219FC34230AA2DB0067B3AE /* Assets.xcassets */; };
		E219FC38230AA2DB0067B3AE /* LaunchScreen.storyboard in Resources */ = {isa = PBXBuildFile; fileRef = E219FC36230AA2DB0067B3AE /* LaunchScreen.storyboard */; };
		E219FC40230AC4060067B3AE /* UIColor+theme.swift in Sources */ = {isa = PBXBuildFile; fileRef = E219FC3F230AC4060067B3AE /* UIColor+theme.swift */; };
		E29F5E9F2314919000169917 /* CompanyController+CreateCompany.swift in Sources */ = {isa = PBXBuildFile; fileRef = E29F5E9E2314919000169917 /* CompanyController+CreateCompany.swift */; };
		E29F5EA12314938A00169917 /* CompaniesController+UITableView.swift in Sources */ = {isa = PBXBuildFile; fileRef = E29F5EA02314938A00169917 /* CompaniesController+UITableView.swift */; };
		E29F5EA3231522C900169917 /* EmployeeController.swift in Sources */ = {isa = PBXBuildFile; fileRef = E29F5EA2231522C900169917 /* EmployeeController.swift */; };
		E29F5EA62315268100169917 /* UIViewController+Helpers.swift in Sources */ = {isa = PBXBuildFile; fileRef = E29F5EA52315268100169917 /* UIViewController+Helpers.swift */; };
		E29F5EA9231529C600169917 /* CreateEmployeeController.swift in Sources */ = {isa = PBXBuildFile; fileRef = E29F5EA8231529C600169917 /* CreateEmployeeController.swift */; };
		E2D16DB82317F23A00DDB3D6 /* EmployeeType.swift in Sources */ = {isa = PBXBuildFile; fileRef = E2D16DB72317F23A00DDB3D6 /* EmployeeType.swift */; };
		E2D6B54123143D030091253D /* CompanyCell.swift in Sources */ = {isa = PBXBuildFile; fileRef = E2D6B54023143D030091253D /* CompanyCell.swift */; };
		E2FD1B9023109FA1003C920F /* IntermediateTrainningModel.xcdatamodeld in Sources */ = {isa = PBXBuildFile; fileRef = E2FD1B8E23109FA1003C920F /* IntermediateTrainningModel.xcdatamodeld */; };
		E2FD1B9223115AE7003C920F /* CoreDataManager.swift in Sources */ = {isa = PBXBuildFile; fileRef = E2FD1B9123115AE7003C920F /* CoreDataManager.swift */; };
/* End PBXBuildFile section */

/* Begin PBXFileReference section */
		E2062FCB230D421E009FA371 /* Company.swift */ = {isa = PBXFileReference; lastKnownFileType = sourcecode.swift; path = Company.swift; sourceTree = "<group>"; };
		E2062FCD230D4805009FA371 /* CreateCompanyController.swift */ = {isa = PBXFileReference; lastKnownFileType = sourcecode.swift; path = CreateCompanyController.swift; sourceTree = "<group>"; };
		E219FC2A230AA2D90067B3AE /* TrainningCoreData.app */ = {isa = PBXFileReference; explicitFileType = wrapper.application; includeInIndex = 0; path = TrainningCoreData.app; sourceTree = BUILT_PRODUCTS_DIR; };
		E219FC2D230AA2D90067B3AE /* AppDelegate.swift */ = {isa = PBXFileReference; lastKnownFileType = sourcecode.swift; path = AppDelegate.swift; sourceTree = "<group>"; };
		E219FC2F230AA2D90067B3AE /* CompaniesController.swift */ = {isa = PBXFileReference; lastKnownFileType = sourcecode.swift; path = CompaniesController.swift; sourceTree = "<group>"; };
		E219FC32230AA2D90067B3AE /* Base */ = {isa = PBXFileReference; lastKnownFileType = file.storyboard; name = Base; path = Base.lproj/Main.storyboard; sourceTree = "<group>"; };
		E219FC34230AA2DB0067B3AE /* Assets.xcassets */ = {isa = PBXFileReference; lastKnownFileType = folder.assetcatalog; path = Assets.xcassets; sourceTree = "<group>"; };
		E219FC37230AA2DB0067B3AE /* Base */ = {isa = PBXFileReference; lastKnownFileType = file.storyboard; name = Base; path = Base.lproj/LaunchScreen.storyboard; sourceTree = "<group>"; };
		E219FC39230AA2DB0067B3AE /* Info.plist */ = {isa = PBXFileReference; lastKnownFileType = text.plist.xml; path = Info.plist; sourceTree = "<group>"; };
		E219FC3F230AC4060067B3AE /* UIColor+theme.swift */ = {isa = PBXFileReference; lastKnownFileType = sourcecode.swift; path = "UIColor+theme.swift"; sourceTree = "<group>"; };
		E29F5E9E2314919000169917 /* CompanyController+CreateCompany.swift */ = {isa = PBXFileReference; lastKnownFileType = sourcecode.swift; path = "CompanyController+CreateCompany.swift"; sourceTree = "<group>"; };
		E29F5EA02314938A00169917 /* CompaniesController+UITableView.swift */ = {isa = PBXFileReference; lastKnownFileType = sourcecode.swift; path = "CompaniesController+UITableView.swift"; sourceTree = "<group>"; };
		E29F5EA2231522C900169917 /* EmployeeController.swift */ = {isa = PBXFileReference; lastKnownFileType = sourcecode.swift; path = EmployeeController.swift; sourceTree = "<group>"; };
		E29F5EA52315268100169917 /* UIViewController+Helpers.swift */ = {isa = PBXFileReference; lastKnownFileType = sourcecode.swift; path = "UIViewController+Helpers.swift"; sourceTree = "<group>"; };
		E29F5EA8231529C600169917 /* CreateEmployeeController.swift */ = {isa = PBXFileReference; lastKnownFileType = sourcecode.swift; path = CreateEmployeeController.swift; sourceTree = "<group>"; };
		E2D16DB72317F23A00DDB3D6 /* EmployeeType.swift */ = {isa = PBXFileReference; lastKnownFileType = sourcecode.swift; path = EmployeeType.swift; sourceTree = "<group>"; };
		E2D6B54023143D030091253D /* CompanyCell.swift */ = {isa = PBXFileReference; lastKnownFileType = sourcecode.swift; path = CompanyCell.swift; sourceTree = "<group>"; };
		E2FD1B8F23109FA1003C920F /* IntermediateTrainningModel.xcdatamodel */ = {isa = PBXFileReference; lastKnownFileType = wrapper.xcdatamodel; path = IntermediateTrainningModel.xcdatamodel; sourceTree = "<group>"; };
		E2FD1B9123115AE7003C920F /* CoreDataManager.swift */ = {isa = PBXFileReference; lastKnownFileType = sourcecode.swift; path = CoreDataManager.swift; sourceTree = "<group>"; };
/* End PBXFileReference section */

/* Begin PBXFrameworksBuildPhase section */
		E219FC27230AA2D90067B3AE /* Frameworks */ = {
			isa = PBXFrameworksBuildPhase;
			buildActionMask = 2147483647;
			files = (
			);
			runOnlyForDeploymentPostprocessing = 0;
		};
/* End PBXFrameworksBuildPhase section */

/* Begin PBXGroup section */
		E219FC21230AA2D90067B3AE = {
			isa = PBXGroup;
			children = (
				E219FC2C230AA2D90067B3AE /* TrainningCoreData */,
				E219FC2B230AA2D90067B3AE /* Products */,
			);
			sourceTree = "<group>";
		};
		E219FC2B230AA2D90067B3AE /* Products */ = {
			isa = PBXGroup;
			children = (
				E219FC2A230AA2D90067B3AE /* TrainningCoreData.app */,
			);
			name = Products;
			sourceTree = "<group>";
		};
		E219FC2C230AA2D90067B3AE /* TrainningCoreData */ = {
			isa = PBXGroup;
			children = (
				E29F5EA42315266000169917 /* Helpers */,
				E29F5EA72315268C00169917 /* Companies */,
				E2FD1B9123115AE7003C920F /* CoreDataManager.swift */,
				E219FC3F230AC4060067B3AE /* UIColor+theme.swift */,
				E2062FCB230D421E009FA371 /* Company.swift */,
				E219FC2D230AA2D90067B3AE /* AppDelegate.swift */,
				E219FC31230AA2D90067B3AE /* Main.storyboard */,
				E219FC34230AA2DB0067B3AE /* Assets.xcassets */,
				E219FC36230AA2DB0067B3AE /* LaunchScreen.storyboard */,
				E219FC39230AA2DB0067B3AE /* Info.plist */,
				E2FD1B8E23109FA1003C920F /* IntermediateTrainningModel.xcdatamodeld */,
			);
			path = TrainningCoreData;
			sourceTree = "<group>";
		};
		E29F5EA42315266000169917 /* Helpers */ = {
			isa = PBXGroup;
			children = (
				E29F5EA52315268100169917 /* UIViewController+Helpers.swift */,
			);
			path = Helpers;
			sourceTree = "<group>";
		};
		E29F5EA72315268C00169917 /* Companies */ = {
			isa = PBXGroup;
			children = (
				E219FC2F230AA2D90067B3AE /* CompaniesController.swift */,
				E2D6B54023143D030091253D /* CompanyCell.swift */,
				E2062FCD230D4805009FA371 /* CreateCompanyController.swift */,
				E29F5E9E2314919000169917 /* CompanyController+CreateCompany.swift */,
				E29F5EA02314938A00169917 /* CompaniesController+UITableView.swift */,
				E29F5EA2231522C900169917 /* EmployeeController.swift */,
				E29F5EA8231529C600169917 /* CreateEmployeeController.swift */,
				E2D16DB72317F23A00DDB3D6 /* EmployeeType.swift */,
			);
			path = Companies;
			sourceTree = "<group>";
		};
/* End PBXGroup section */

/* Begin PBXNativeTarget section */
		E219FC29230AA2D90067B3AE /* TrainningCoreData */ = {
			isa = PBXNativeTarget;
			buildConfigurationList = E219FC3C230AA2DB0067B3AE /* Build configuration list for PBXNativeTarget "TrainningCoreData" */;
			buildPhases = (
				E219FC26230AA2D90067B3AE /* Sources */,
				E219FC27230AA2D90067B3AE /* Frameworks */,
				E219FC28230AA2D90067B3AE /* Resources */,
			);
			buildRules = (
			);
			dependencies = (
			);
			name = TrainningCoreData;
			productName = TrainningCoreData;
			productReference = E219FC2A230AA2D90067B3AE /* TrainningCoreData.app */;
			productType = "com.apple.product-type.application";
		};
/* End PBXNativeTarget section */

/* Begin PBXProject section */
		E219FC22230AA2D90067B3AE /* Project object */ = {
			isa = PBXProject;
			attributes = {
				LastSwiftUpdateCheck = 1000;
				LastUpgradeCheck = 1000;
				ORGANIZATIONNAME = AHMED;
				TargetAttributes = {
					E219FC29230AA2D90067B3AE = {
						CreatedOnToolsVersion = 10.0;
					};
				};
			};
			buildConfigurationList = E219FC25230AA2D90067B3AE /* Build configuration list for PBXProject "TrainningCoreData" */;
			compatibilityVersion = "Xcode 9.3";
			developmentRegion = en;
			hasScannedForEncodings = 0;
			knownRegions = (
				en,
				Base,
			);
			mainGroup = E219FC21230AA2D90067B3AE;
			productRefGroup = E219FC2B230AA2D90067B3AE /* Products */;
			projectDirPath = "";
			projectRoot = "";
			targets = (
				E219FC29230AA2D90067B3AE /* TrainningCoreData */,
			);
		};
/* End PBXProject section */

/* Begin PBXResourcesBuildPhase section */
		E219FC28230AA2D90067B3AE /* Resources */ = {
			isa = PBXResourcesBuildPhase;
			buildActionMask = 2147483647;
			files = (
				E219FC38230AA2DB0067B3AE /* LaunchScreen.storyboard in Resources */,
				E219FC35230AA2DB0067B3AE /* Assets.xcassets in Resources */,
				E219FC33230AA2D90067B3AE /* Main.storyboard in Resources */,
			);
			runOnlyForDeploymentPostprocessing = 0;
		};
/* End PBXResourcesBuildPhase section */

/* Begin PBXSourcesBuildPhase section */
		E219FC26230AA2D90067B3AE /* Sources */ = {
			isa = PBXSourcesBuildPhase;
			buildActionMask = 2147483647;
			files = (
				E29F5EA3231522C900169917 /* EmployeeController.swift in Sources */,
				E219FC40230AC4060067B3AE /* UIColor+theme.swift in Sources */,
				E219FC30230AA2D90067B3AE /* CompaniesController.swift in Sources */,
				E2062FCE230D4805009FA371 /* CreateCompanyController.swift in Sources */,
				E29F5EA62315268100169917 /* UIViewController+Helpers.swift in Sources */,
				E2D6B54123143D030091253D /* CompanyCell.swift in Sources */,
				E219FC2E230AA2D90067B3AE /* AppDelegate.swift in Sources */,
				E2D16DB82317F23A00DDB3D6 /* EmployeeType.swift in Sources */,
				E29F5EA9231529C600169917 /* CreateEmployeeController.swift in Sources */,
				E29F5EA12314938A00169917 /* CompaniesController+UITableView.swift in Sources */,
				E29F5E9F2314919000169917 /* CompanyController+CreateCompany.swift in Sources */,
				E2062FCC230D421E009FA371 /* Company.swift in Sources */,
				E2FD1B9223115AE7003C920F /* CoreDataManager.swift in Sources */,
				E2FD1B9023109FA1003C920F /* IntermediateTrainningModel.xcdatamodeld in Sources */,
			);
			runOnlyForDeploymentPostprocessing = 0;
		};
/* End PBXSourcesBuildPhase section */

/* Begin PBXVariantGroup section */
		E219FC31230AA2D90067B3AE /* Main.storyboard */ = {
			isa = PBXVariantGroup;
			children = (
				E219FC32230AA2D90067B3AE /* Base */,
			);
			name = Main.storyboard;
			sourceTree = "<group>";
		};
		E219FC36230AA2DB0067B3AE /* LaunchScreen.storyboard */ = {
			isa = PBXVariantGroup;
			children = (
				E219FC37230AA2DB0067B3AE /* Base */,
			);
			name = LaunchScreen.storyboard;
			sourceTree = "<group>";
		};
/* End PBXVariantGroup section */

/* Begin XCBuildConfiguration section */
		E219FC3A230AA2DB0067B3AE /* Debug */ = {
			isa = XCBuildConfiguration;
			buildSettings = {
				ALWAYS_SEARCH_USER_PATHS = NO;
				CLANG_ANALYZER_NONNULL = YES;
				CLANG_ANALYZER_NUMBER_OBJECT_CONVERSION = YES_AGGRESSIVE;
				CLANG_CXX_LANGUAGE_STANDARD = "gnu++14";
				CLANG_CXX_LIBRARY = "libc++";
				CLANG_ENABLE_MODULES = YES;
				CLANG_ENABLE_OBJC_ARC = YES;
				CLANG_ENABLE_OBJC_WEAK = YES;
				CLANG_WARN_BLOCK_CAPTURE_AUTORELEASING = YES;
				CLANG_WARN_BOOL_CONVERSION = YES;
				CLANG_WARN_COMMA = YES;
				CLANG_WARN_CONSTANT_CONVERSION = YES;
				CLANG_WARN_DEPRECATED_OBJC_IMPLEMENTATIONS = YES;
				CLANG_WARN_DIRECT_OBJC_ISA_USAGE = YES_ERROR;
				CLANG_WARN_DOCUMENTATION_COMMENTS = YES;
				CLANG_WARN_EMPTY_BODY = YES;
				CLANG_WARN_ENUM_CONVERSION = YES;
				CLANG_WARN_INFINITE_RECURSION = YES;
				CLANG_WARN_INT_CONVERSION = YES;
				CLANG_WARN_NON_LITERAL_NULL_CONVERSION = YES;
				CLANG_WARN_OBJC_IMPLICIT_RETAIN_SELF = YES;
				CLANG_WARN_OBJC_LITERAL_CONVERSION = YES;
				CLANG_WARN_OBJC_ROOT_CLASS = YES_ERROR;
				CLANG_WARN_RANGE_LOOP_ANALYSIS = YES;
				CLANG_WARN_STRICT_PROTOTYPES = YES;
				CLANG_WARN_SUSPICIOUS_MOVE = YES;
				CLANG_WARN_UNGUARDED_AVAILABILITY = YES_AGGRESSIVE;
				CLANG_WARN_UNREACHABLE_CODE = YES;
				CLANG_WARN__DUPLICATE_METHOD_MATCH = YES;
				CODE_SIGN_IDENTITY = "iPhone Developer";
				COPY_PHASE_STRIP = NO;
				DEBUG_INFORMATION_FORMAT = dwarf;
				ENABLE_STRICT_OBJC_MSGSEND = YES;
				ENABLE_TESTABILITY = YES;
				GCC_C_LANGUAGE_STANDARD = gnu11;
				GCC_DYNAMIC_NO_PIC = NO;
				GCC_NO_COMMON_BLOCKS = YES;
				GCC_OPTIMIZATION_LEVEL = 0;
				GCC_PREPROCESSOR_DEFINITIONS = (
					"DEBUG=1",
					"$(inherited)",
				);
				GCC_WARN_64_TO_32_BIT_CONVERSION = YES;
				GCC_WARN_ABOUT_RETURN_TYPE = YES_ERROR;
				GCC_WARN_UNDECLARED_SELECTOR = YES;
				GCC_WARN_UNINITIALIZED_AUTOS = YES_AGGRESSIVE;
				GCC_WARN_UNUSED_FUNCTION = YES;
				GCC_WARN_UNUSED_VARIABLE = YES;
				IPHONEOS_DEPLOYMENT_TARGET = 12.0;
				MTL_ENABLE_DEBUG_INFO = INCLUDE_SOURCE;
				MTL_FAST_MATH = YES;
				ONLY_ACTIVE_ARCH = YES;
				SDKROOT = iphoneos;
				SWIFT_ACTIVE_COMPILATION_CONDITIONS = DEBUG;
				SWIFT_OPTIMIZATION_LEVEL = "-Onone";
			};
			name = Debug;
		};
		E219FC3B230AA2DB0067B3AE /* Release */ = {
			isa = XCBuildConfiguration;
			buildSettings = {
				ALWAYS_SEARCH_USER_PATHS = NO;
				CLANG_ANALYZER_NONNULL = YES;
				CLANG_ANALYZER_NUMBER_OBJECT_CONVERSION = YES_AGGRESSIVE;
				CLANG_CXX_LANGUAGE_STANDARD = "gnu++14";
				CLANG_CXX_LIBRARY = "libc++";
				CLANG_ENABLE_MODULES = YES;
				CLANG_ENABLE_OBJC_ARC = YES;
				CLANG_ENABLE_OBJC_WEAK = YES;
				CLANG_WARN_BLOCK_CAPTURE_AUTORELEASING = YES;
				CLANG_WARN_BOOL_CONVERSION = YES;
				CLANG_WARN_COMMA = YES;
				CLANG_WARN_CONSTANT_CONVERSION = YES;
				CLANG_WARN_DEPRECATED_OBJC_IMPLEMENTATIONS = YES;
				CLANG_WARN_DIRECT_OBJC_ISA_USAGE = YES_ERROR;
				CLANG_WARN_DOCUMENTATION_COMMENTS = YES;
				CLANG_WARN_EMPTY_BODY = YES;
				CLANG_WARN_ENUM_CONVERSION = YES;
				CLANG_WARN_INFINITE_RECURSION = YES;
				CLANG_WARN_INT_CONVERSION = YES;
				CLANG_WARN_NON_LITERAL_NULL_CONVERSION = YES;
				CLANG_WARN_OBJC_IMPLICIT_RETAIN_SELF = YES;
				CLANG_WARN_OBJC_LITERAL_CONVERSION = YES;
				CLANG_WARN_OBJC_ROOT_CLASS = YES_ERROR;
				CLANG_WARN_RANGE_LOOP_ANALYSIS = YES;
				CLANG_WARN_STRICT_PROTOTYPES = YES;
				CLANG_WARN_SUSPICIOUS_MOVE = YES;
				CLANG_WARN_UNGUARDED_AVAILABILITY = YES_AGGRESSIVE;
				CLANG_WARN_UNREACHABLE_CODE = YES;
				CLANG_WARN__DUPLICATE_METHOD_MATCH = YES;
				CODE_SIGN_IDENTITY = "iPhone Developer";
				COPY_PHASE_STRIP = NO;
				DEBUG_INFORMATION_FORMAT = "dwarf-with-dsym";
				ENABLE_NS_ASSERTIONS = NO;
				ENABLE_STRICT_OBJC_MSGSEND = YES;
				GCC_C_LANGUAGE_STANDARD = gnu11;
				GCC_NO_COMMON_BLOCKS = YES;
				GCC_WARN_64_TO_32_BIT_CONVERSION = YES;
				GCC_WARN_ABOUT_RETURN_TYPE = YES_ERROR;
				GCC_WARN_UNDECLARED_SELECTOR = YES;
				GCC_WARN_UNINITIALIZED_AUTOS = YES_AGGRESSIVE;
				GCC_WARN_UNUSED_FUNCTION = YES;
				GCC_WARN_UNUSED_VARIABLE = YES;
				IPHONEOS_DEPLOYMENT_TARGET = 12.0;
				MTL_ENABLE_DEBUG_INFO = NO;
				MTL_FAST_MATH = YES;
				SDKROOT = iphoneos;
				SWIFT_COMPILATION_MODE = wholemodule;
				SWIFT_OPTIMIZATION_LEVEL = "-O";
				VALIDATE_PRODUCT = YES;
			};
			name = Release;
		};
		E219FC3D230AA2DB0067B3AE /* Debug */ = {
			isa = XCBuildConfiguration;
			buildSettings = {
				ASSETCATALOG_COMPILER_APPICON_NAME = AppIcon;
				CODE_SIGN_STYLE = Automatic;
				INFOPLIST_FILE = TrainningCoreData/Info.plist;
				LD_RUNPATH_SEARCH_PATHS = (
					"$(inherited)",
					"@executable_path/Frameworks",
				);
				PRODUCT_BUNDLE_IDENTIFIER = AhmedKassem.com.TrainningCoreData;
				PRODUCT_NAME = "$(TARGET_NAME)";
				SWIFT_VERSION = 4.2;
				TARGETED_DEVICE_FAMILY = "1,2";
			};
			name = Debug;
		};
		E219FC3E230AA2DB0067B3AE /* Release */ = {
			isa = XCBuildConfiguration;
			buildSettings = {
				ASSETCATALOG_COMPILER_APPICON_NAME = AppIcon;
				CODE_SIGN_STYLE = Automatic;
				INFOPLIST_FILE = TrainningCoreData/Info.plist;
				LD_RUNPATH_SEARCH_PATHS = (
					"$(inherited)",
					"@executable_path/Frameworks",
				);
				PRODUCT_BUNDLE_IDENTIFIER = AhmedKassem.com.TrainningCoreData;
				PRODUCT_NAME = "$(TARGET_NAME)";
				SWIFT_VERSION = 4.2;
				TARGETED_DEVICE_FAMILY = "1,2";
			};
			name = Release;
		};
/* End XCBuildConfiguration section */

/* Begin XCConfigurationList section */
		E219FC25230AA2D90067B3AE /* Build configuration list for PBXProject "TrainningCoreData" */ = {
			isa = XCConfigurationList;
			buildConfigurations = (
				E219FC3A230AA2DB0067B3AE /* Debug */,
				E219FC3B230AA2DB0067B3AE /* Release */,
			);
			defaultConfigurationIsVisible = 0;
			defaultConfigurationName = Release;
		};
		E219FC3C230AA2DB0067B3AE /* Build configuration list for PBXNativeTarget "TrainningCoreData" */ = {
			isa = XCConfigurationList;
			buildConfigurations = (
				E219FC3D230AA2DB0067B3AE /* Debug */,
				E219FC3E230AA2DB0067B3AE /* Release */,
			);
			defaultConfigurationIsVisible = 0;
			defaultConfigurationName = Release;
		};
/* End XCConfigurationList section */

/* Begin XCVersionGroup section */
		E2FD1B8E23109FA1003C920F /* IntermediateTrainningModel.xcdatamodeld */ = {
			isa = XCVersionGroup;
			children = (
				E2FD1B8F23109FA1003C920F /* IntermediateTrainningModel.xcdatamodel */,
			);
			currentVersion = E2FD1B8F23109FA1003C920F /* IntermediateTrainningModel.xcdatamodel */;
			path = IntermediateTrainningModel.xcdatamodeld;
			sourceTree = "<group>";
			versionGroupType = wrapper.xcdatamodel;
		};
/* End XCVersionGroup section */
	};
	rootObject = E219FC22230AA2D90067B3AE /* Project object */;
}
